
Microsoft Visual Studio Solution File, Format Version 12.00
# Visual Studio Version 17
VisualStudioVersion = 17.2.32630.192
MinimumVisualStudioVersion = 10.0.40219.1
Project("{FAE04EC0-301F-11D3-BF4B-00C04F79EFBC}") = "UserFunction", "UserFunction\UserFunction.csproj", "{73624376-29E0-45CB-8534-84361D044D17}"
EndProject
Global
	GlobalSection(SolutionConfigurationPlatforms) = preSolution
		Debug|Any CPU = Debug|Any CPU
		Release|Any CPU = Release|Any CPU
	EndGlobalSection
	GlobalSection(ProjectConfigurationPlatforms) = postSolution
		{73624376-29E0-45CB-8534-84361D044D17}.Debug|Any CPU.ActiveCfg = Debug|Any CPU
		{73624376-29E0-45CB-8534-84361D044D17}.Debug|Any CPU.Build.0 = Debug|Any CPU
		{73624376-29E0-45CB-8534-84361D044D17}.Release|Any CPU.ActiveCfg = Release|Any CPU
		{73624376-29E0-45CB-8534-84361D044D17}.Release|Any CPU.Build.0 = Release|Any CPU
	EndGlobalSection
	GlobalSection(SolutionProperties) = preSolution
		HideSolutionNode = FALSE
	EndGlobalSection
	GlobalSection(ExtensibilityGlobals) = postSolution
		SolutionGuid = {A4CD5F7B-EDA4-4099-A9E5-90280B529BF2}
	EndGlobalSection
EndGlobal
